// !$*UTF8*$!
{
	archiveVersion = 1;
	classes = {
	};
	objectVersion = 50;
	objects = {

/* Begin PBXBuildFile section */
		ACBDEADB2512258A00E5397D /* AppDelegate.swift in Sources */ = {isa = PBXBuildFile; fileRef = ACBDEADA2512258A00E5397D /* AppDelegate.swift */; };
		ACBDEADD2512258A00E5397D /* SceneDelegate.swift in Sources */ = {isa = PBXBuildFile; fileRef = ACBDEADC2512258A00E5397D /* SceneDelegate.swift */; };
		ACBDEADF2512258A00E5397D /* ViewController.swift in Sources */ = {isa = PBXBuildFile; fileRef = ACBDEADE2512258A00E5397D /* ViewController.swift */; };
		ACBDEAE22512258A00E5397D /* Main.storyboard in Resources */ = {isa = PBXBuildFile; fileRef = ACBDEAE02512258A00E5397D /* Main.storyboard */; };
		ACBDEAE42512258C00E5397D /* Assets.xcassets in Resources */ = {isa = PBXBuildFile; fileRef = ACBDEAE32512258C00E5397D /* Assets.xcassets */; };
		ACBDEAE72512258C00E5397D /* LaunchScreen.storyboard in Resources */ = {isa = PBXBuildFile; fileRef = ACBDEAE52512258C00E5397D /* LaunchScreen.storyboard */; };
		ACBDEAEF2514C4BF00E5397D /* Constants.swift in Sources */ = {isa = PBXBuildFile; fileRef = ACBDEAEE2514C4BF00E5397D /* Constants.swift */; };
		ACBDEAF12514CDB300E5397D /* Video.swift in Sources */ = {isa = PBXBuildFile; fileRef = ACBDEAF02514CDB300E5397D /* Video.swift */; };
		ACBDEAF32514CE4600E5397D /* Model.swift in Sources */ = {isa = PBXBuildFile; fileRef = ACBDEAF22514CE4600E5397D /* Model.swift */; };
		ACBDEAF72515F43A00E5397D /* Response.swift in Sources */ = {isa = PBXBuildFile; fileRef = ACBDEAF62515F43A00E5397D /* Response.swift */; };
/* End PBXBuildFile section */

/* Begin PBXFileReference section */
		ACBDEAD72512258A00E5397D /* youtube-onedaybuild.app */ = {isa = PBXFileReference; explicitFileType = wrapper.application; includeInIndex = 0; path = "youtube-onedaybuild.app"; sourceTree = BUILT_PRODUCTS_DIR; };
		ACBDEADA2512258A00E5397D /* AppDelegate.swift */ = {isa = PBXFileReference; lastKnownFileType = sourcecode.swift; path = AppDelegate.swift; sourceTree = "<group>"; };
		ACBDEADC2512258A00E5397D /* SceneDelegate.swift */ = {isa = PBXFileReference; lastKnownFileType = sourcecode.swift; path = SceneDelegate.swift; sourceTree = "<group>"; };
		ACBDEADE2512258A00E5397D /* ViewController.swift */ = {isa = PBXFileReference; lastKnownFileType = sourcecode.swift; path = ViewController.swift; sourceTree = "<group>"; };
		ACBDEAE12512258A00E5397D /* Base */ = {isa = PBXFileReference; lastKnownFileType = file.storyboard; name = Base; path = Base.lproj/Main.storyboard; sourceTree = "<group>"; };
		ACBDEAE32512258C00E5397D /* Assets.xcassets */ = {isa = PBXFileReference; lastKnownFileType = folder.assetcatalog; path = Assets.xcassets; sourceTree = "<group>"; };
		ACBDEAE62512258C00E5397D /* Base */ = {isa = PBXFileReference; lastKnownFileType = file.storyboard; name = Base; path = Base.lproj/LaunchScreen.storyboard; sourceTree = "<group>"; };
		ACBDEAE82512258C00E5397D /* Info.plist */ = {isa = PBXFileReference; lastKnownFileType = text.plist.xml; path = Info.plist; sourceTree = "<group>"; };
		ACBDEAEE2514C4BF00E5397D /* Constants.swift */ = {isa = PBXFileReference; lastKnownFileType = sourcecode.swift; path = Constants.swift; sourceTree = "<group>"; };
		ACBDEAF02514CDB300E5397D /* Video.swift */ = {isa = PBXFileReference; lastKnownFileType = sourcecode.swift; path = Video.swift; sourceTree = "<group>"; };
		ACBDEAF22514CE4600E5397D /* Model.swift */ = {isa = PBXFileReference; lastKnownFileType = sourcecode.swift; path = Model.swift; sourceTree = "<group>"; };
		ACBDEAF62515F43A00E5397D /* Response.swift */ = {isa = PBXFileReference; lastKnownFileType = sourcecode.swift; path = Response.swift; sourceTree = "<group>"; };
/* End PBXFileReference section */

/* Begin PBXFrameworksBuildPhase section */
		ACBDEAD42512258A00E5397D /* Frameworks */ = {
			isa = PBXFrameworksBuildPhase;
			buildActionMask = 2147483647;
			files = (
			);
			runOnlyForDeploymentPostprocessing = 0;
		};
/* End PBXFrameworksBuildPhase section */

/* Begin PBXGroup section */
		ACBDEACE2512258A00E5397D = {
			isa = PBXGroup;
			children = (
				ACBDEAD92512258A00E5397D /* youtube-onedaybuild */,
				ACBDEAD82512258A00E5397D /* Products */,
			);
			sourceTree = "<group>";
		};
		ACBDEAD82512258A00E5397D /* Products */ = {
			isa = PBXGroup;
			children = (
				ACBDEAD72512258A00E5397D /* youtube-onedaybuild.app */,
			);
			name = Products;
			sourceTree = "<group>";
		};
		ACBDEAD92512258A00E5397D /* youtube-onedaybuild */ = {
			isa = PBXGroup;
			children = (
				ACBDEADA2512258A00E5397D /* AppDelegate.swift */,
				ACBDEAEE2514C4BF00E5397D /* Constants.swift */,
				ACBDEAF02514CDB300E5397D /* Video.swift */,
				ACBDEAF62515F43A00E5397D /* Response.swift */,
				ACBDEADC2512258A00E5397D /* SceneDelegate.swift */,
				ACBDEADE2512258A00E5397D /* ViewController.swift */,
				ACBDEAE02512258A00E5397D /* Main.storyboard */,
				ACBDEAE32512258C00E5397D /* Assets.xcassets */,
				ACBDEAF22514CE4600E5397D /* Model.swift */,
				ACBDEAE52512258C00E5397D /* LaunchScreen.storyboard */,
				ACBDEAE82512258C00E5397D /* Info.plist */,
			);
			path = "youtube-onedaybuild";
			sourceTree = "<group>";
		};
/* End PBXGroup section */

/* Begin PBXNativeTarget section */
		ACBDEAD62512258A00E5397D /* youtube-onedaybuild */ = {
			isa = PBXNativeTarget;
			buildConfigurationList = ACBDEAEB2512258C00E5397D /* Build configuration list for PBXNativeTarget "youtube-onedaybuild" */;
			buildPhases = (
				ACBDEAD32512258A00E5397D /* Sources */,
				ACBDEAD42512258A00E5397D /* Frameworks */,
				ACBDEAD52512258A00E5397D /* Resources */,
			);
			buildRules = (
			);
			dependencies = (
			);
			name = "youtube-onedaybuild";
			productName = "youtube-onedaybuild";
			productReference = ACBDEAD72512258A00E5397D /* youtube-onedaybuild.app */;
			productType = "com.apple.product-type.application";
		};
/* End PBXNativeTarget section */

/* Begin PBXProject section */
		ACBDEACF2512258A00E5397D /* Project object */ = {
			isa = PBXProject;
			attributes = {
				LastSwiftUpdateCheck = 1110;
				LastUpgradeCheck = 1110;
				ORGANIZATIONNAME = "Sebastian Kieth Bartolo";
				TargetAttributes = {
					ACBDEAD62512258A00E5397D = {
						CreatedOnToolsVersion = 11.1;
					};
				};
			};
			buildConfigurationList = ACBDEAD22512258A00E5397D /* Build configuration list for PBXProject "youtube-onedaybuild" */;
			compatibilityVersion = "Xcode 9.3";
			developmentRegion = en;
			hasScannedForEncodings = 0;
			knownRegions = (
				en,
				Base,
			);
			mainGroup = ACBDEACE2512258A00E5397D;
			productRefGroup = ACBDEAD82512258A00E5397D /* Products */;
			projectDirPath = "";
			projectRoot = "";
			targets = (
				ACBDEAD62512258A00E5397D /* youtube-onedaybuild */,
			);
		};
/* End PBXProject section */

/* Begin PBXResourcesBuildPhase section */
		ACBDEAD52512258A00E5397D /* Resources */ = {
			isa = PBXResourcesBuildPhase;
			buildActionMask = 2147483647;
			files = (
				ACBDEAE72512258C00E5397D /* LaunchScreen.storyboard in Resources */,
				ACBDEAE42512258C00E5397D /* Assets.xcassets in Resources */,
				ACBDEAE22512258A00E5397D /* Main.storyboard in Resources */,
			);
			runOnlyForDeploymentPostprocessing = 0;
		};
/* End PBXResourcesBuildPhase section */

/* Begin PBXSourcesBuildPhase section */
		ACBDEAD32512258A00E5397D /* Sources */ = {
			isa = PBXSourcesBuildPhase;
			buildActionMask = 2147483647;
			files = (
				ACBDEADF2512258A00E5397D /* ViewController.swift in Sources */,
				ACBDEADB2512258A00E5397D /* AppDelegate.swift in Sources */,
				ACBDEADD2512258A00E5397D /* SceneDelegate.swift in Sources */,
				ACBDEAF32514CE4600E5397D /* Model.swift in Sources */,
				ACBDEAEF2514C4BF00E5397D /* Constants.swift in Sources */,
				ACBDEAF12514CDB300E5397D /* Video.swift in Sources */,
				ACBDEAF72515F43A00E5397D /* Response.swift in Sources */,
			);
			runOnlyForDeploymentPostprocessing = 0;
		};
/* End PBXSourcesBuildPhase section */

/* Begin PBXVariantGroup section */
		ACBDEAE02512258A00E5397D /* Main.storyboard */ = {
			isa = PBXVariantGroup;
			children = (
				ACBDEAE12512258A00E5397D /* Base */,
			);
			name = Main.storyboard;
			sourceTree = "<group>";
		};
		ACBDEAE52512258C00E5397D /* LaunchScreen.storyboard */ = {
			isa = PBXVariantGroup;
			children = (
				ACBDEAE62512258C00E5397D /* Base */,
			);
			name = LaunchScreen.storyboard;
			sourceTree = "<group>";
		};
/* End PBXVariantGroup section */

/* Begin XCBuildConfiguration section */
		ACBDEAE92512258C00E5397D /* Debug */ = {
			isa = XCBuildConfiguration;
			buildSettings = {
				ALWAYS_SEARCH_USER_PATHS = NO;
				CLANG_ANALYZER_NONNULL = YES;
				CLANG_ANALYZER_NUMBER_OBJECT_CONVERSION = YES_AGGRESSIVE;
				CLANG_CXX_LANGUAGE_STANDARD = "gnu++14";
				CLANG_CXX_LIBRARY = "libc++";
				CLANG_ENABLE_MODULES = YES;
				CLANG_ENABLE_OBJC_ARC = YES;
				CLANG_ENABLE_OBJC_WEAK = YES;
				CLANG_WARN_BLOCK_CAPTURE_AUTORELEASING = YES;
				CLANG_WARN_BOOL_CONVERSION = YES;
				CLANG_WARN_COMMA = YES;
				CLANG_WARN_CONSTANT_CONVERSION = YES;
				CLANG_WARN_DEPRECATED_OBJC_IMPLEMENTATIONS = YES;
				CLANG_WARN_DIRECT_OBJC_ISA_USAGE = YES_ERROR;
				CLANG_WARN_DOCUMENTATION_COMMENTS = YES;
				CLANG_WARN_EMPTY_BODY = YES;
				CLANG_WARN_ENUM_CONVERSION = YES;
				CLANG_WARN_INFINITE_RECURSION = YES;
				CLANG_WARN_INT_CONVERSION = YES;
				CLANG_WARN_NON_LITERAL_NULL_CONVERSION = YES;
				CLANG_WARN_OBJC_IMPLICIT_RETAIN_SELF = YES;
				CLANG_WARN_OBJC_LITERAL_CONVERSION = YES;
				CLANG_WARN_OBJC_ROOT_CLASS = YES_ERROR;
				CLANG_WARN_RANGE_LOOP_ANALYSIS = YES;
				CLANG_WARN_STRICT_PROTOTYPES = YES;
				CLANG_WARN_SUSPICIOUS_MOVE = YES;
				CLANG_WARN_UNGUARDED_AVAILABILITY = YES_AGGRESSIVE;
				CLANG_WARN_UNREACHABLE_CODE = YES;
				CLANG_WARN__DUPLICATE_METHOD_MATCH = YES;
				COPY_PHASE_STRIP = NO;
				DEBUG_INFORMATION_FORMAT = dwarf;
				ENABLE_STRICT_OBJC_MSGSEND = YES;
				ENABLE_TESTABILITY = YES;
				GCC_C_LANGUAGE_STANDARD = gnu11;
				GCC_DYNAMIC_NO_PIC = NO;
				GCC_NO_COMMON_BLOCKS = YES;
				GCC_OPTIMIZATION_LEVEL = 0;
				GCC_PREPROCESSOR_DEFINITIONS = (
					"DEBUG=1",
					"$(inherited)",
				);
				GCC_WARN_64_TO_32_BIT_CONVERSION = YES;
				GCC_WARN_ABOUT_RETURN_TYPE = YES_ERROR;
				GCC_WARN_UNDECLARED_SELECTOR = YES;
				GCC_WARN_UNINITIALIZED_AUTOS = YES_AGGRESSIVE;
				GCC_WARN_UNUSED_FUNCTION = YES;
				GCC_WARN_UNUSED_VARIABLE = YES;
				IPHONEOS_DEPLOYMENT_TARGET = 13.1;
				MTL_ENABLE_DEBUG_INFO = INCLUDE_SOURCE;
				MTL_FAST_MATH = YES;
				ONLY_ACTIVE_ARCH = YES;
				SDKROOT = iphoneos;
				SWIFT_ACTIVE_COMPILATION_CONDITIONS = DEBUG;
				SWIFT_OPTIMIZATION_LEVEL = "-Onone";
			};
			name = Debug;
		};
		ACBDEAEA2512258C00E5397D /* Release */ = {
			isa = XCBuildConfiguration;
			buildSettings = {
				ALWAYS_SEARCH_USER_PATHS = NO;
				CLANG_ANALYZER_NONNULL = YES;
				CLANG_ANALYZER_NUMBER_OBJECT_CONVERSION = YES_AGGRESSIVE;
				CLANG_CXX_LANGUAGE_STANDARD = "gnu++14";
				CLANG_CXX_LIBRARY = "libc++";
				CLANG_ENABLE_MODULES = YES;
				CLANG_ENABLE_OBJC_ARC = YES;
				CLANG_ENABLE_OBJC_WEAK = YES;
				CLANG_WARN_BLOCK_CAPTURE_AUTORELEASING = YES;
				CLANG_WARN_BOOL_CONVERSION = YES;
				CLANG_WARN_COMMA = YES;
				CLANG_WARN_CONSTANT_CONVERSION = YES;
				CLANG_WARN_DEPRECATED_OBJC_IMPLEMENTATIONS = YES;
				CLANG_WARN_DIRECT_OBJC_ISA_USAGE = YES_ERROR;
				CLANG_WARN_DOCUMENTATION_COMMENTS = YES;
				CLANG_WARN_EMPTY_BODY = YES;
				CLANG_WARN_ENUM_CONVERSION = YES;
				CLANG_WARN_INFINITE_RECURSION = YES;
				CLANG_WARN_INT_CONVERSION = YES;
				CLANG_WARN_NON_LITERAL_NULL_CONVERSION = YES;
				CLANG_WARN_OBJC_IMPLICIT_RETAIN_SELF = YES;
				CLANG_WARN_OBJC_LITERAL_CONVERSION = YES;
				CLANG_WARN_OBJC_ROOT_CLASS = YES_ERROR;
				CLANG_WARN_RANGE_LOOP_ANALYSIS = YES;
				CLANG_WARN_STRICT_PROTOTYPES = YES;
				CLANG_WARN_SUSPICIOUS_MOVE = YES;
				CLANG_WARN_UNGUARDED_AVAILABILITY = YES_AGGRESSIVE;
				CLANG_WARN_UNREACHABLE_CODE = YES;
				CLANG_WARN__DUPLICATE_METHOD_MATCH = YES;
				COPY_PHASE_STRIP = NO;
				DEBUG_INFORMATION_FORMAT = "dwarf-with-dsym";
				ENABLE_NS_ASSERTIONS = NO;
				ENABLE_STRICT_OBJC_MSGSEND = YES;
				GCC_C_LANGUAGE_STANDARD = gnu11;
				GCC_NO_COMMON_BLOCKS = YES;
				GCC_WARN_64_TO_32_BIT_CONVERSION = YES;
				GCC_WARN_ABOUT_RETURN_TYPE = YES_ERROR;
				GCC_WARN_UNDECLARED_SELECTOR = YES;
				GCC_WARN_UNINITIALIZED_AUTOS = YES_AGGRESSIVE;
				GCC_WARN_UNUSED_FUNCTION = YES;
				GCC_WARN_UNUSED_VARIABLE = YES;
				IPHONEOS_DEPLOYMENT_TARGET = 13.1;
				MTL_ENABLE_DEBUG_INFO = NO;
				MTL_FAST_MATH = YES;
				SDKROOT = iphoneos;
				SWIFT_COMPILATION_MODE = wholemodule;
				SWIFT_OPTIMIZATION_LEVEL = "-O";
				VALIDATE_PRODUCT = YES;
			};
			name = Release;
		};
		ACBDEAEC2512258C00E5397D /* Debug */ = {
			isa = XCBuildConfiguration;
			buildSettings = {
				ASSETCATALOG_COMPILER_APPICON_NAME = AppIcon;
				CODE_SIGN_STYLE = Automatic;
				INFOPLIST_FILE = "youtube-onedaybuild/Info.plist";
				LD_RUNPATH_SEARCH_PATHS = (
					"$(inherited)",
					"@executable_path/Frameworks",
				);
				PRODUCT_BUNDLE_IDENTIFIER = "com.youtube-onedaybuild";
				PRODUCT_NAME = "$(TARGET_NAME)";
				SWIFT_VERSION = 5.0;
				TARGETED_DEVICE_FAMILY = "1,2";
			};
			name = Debug;
		};
		ACBDEAED2512258C00E5397D /* Release */ = {
			isa = XCBuildConfiguration;
			buildSettings = {
				ASSETCATALOG_COMPILER_APPICON_NAME = AppIcon;
				CODE_SIGN_STYLE = Automatic;
				INFOPLIST_FILE = "youtube-onedaybuild/Info.plist";
				LD_RUNPATH_SEARCH_PATHS = (
					"$(inherited)",
					"@executable_path/Frameworks",
				);
				PRODUCT_BUNDLE_IDENTIFIER = "com.youtube-onedaybuild";
				PRODUCT_NAME = "$(TARGET_NAME)";
				SWIFT_VERSION = 5.0;
				TARGETED_DEVICE_FAMILY = "1,2";
			};
			name = Release;
		};
/* End XCBuildConfiguration section */

/* Begin XCConfigurationList section */
		ACBDEAD22512258A00E5397D /* Build configuration list for PBXProject "youtube-onedaybuild" */ = {
			isa = XCConfigurationList;
			buildConfigurations = (
				ACBDEAE92512258C00E5397D /* Debug */,
				ACBDEAEA2512258C00E5397D /* Release */,
			);
			defaultConfigurationIsVisible = 0;
			defaultConfigurationName = Release;
		};
		ACBDEAEB2512258C00E5397D /* Build configuration list for PBXNativeTarget "youtube-onedaybuild" */ = {
			isa = XCConfigurationList;
			buildConfigurations = (
				ACBDEAEC2512258C00E5397D /* Debug */,
				ACBDEAED2512258C00E5397D /* Release */,
			);
			defaultConfigurationIsVisible = 0;
			defaultConfigurationName = Release;
		};
/* End XCConfigurationList section */
	};
	rootObject = ACBDEACF2512258A00E5397D /* Project object */;
}
